
Microsoft Visual Studio Solution File, Format Version 12.00
# Visual Studio 15
VisualStudioVersion = 15.0.28307.645
MinimumVisualStudioVersion = 10.0.40219.1
Project("{FAE04EC0-301F-11D3-BF4B-00C04F79EFBC}") = "Simple-PASCAL", "Simple-PASCAL.csproj", "{2DA84D6A-1496-4FCA-9C48-5EED02B67A13}"
EndProject
Global
	GlobalSection(SolutionConfigurationPlatforms) = preSolution
		Debug|Any CPU = Debug|Any CPU
		Release|Any CPU = Release|Any CPU
	EndGlobalSection
	GlobalSection(ProjectConfigurationPlatforms) = postSolution
		{2DA84D6A-1496-4FCA-9C48-5EED02B67A13}.Debug|Any CPU.ActiveCfg = Debug|Any CPU
		{2DA84D6A-1496-4FCA-9C48-5EED02B67A13}.Debug|Any CPU.Build.0 = Debug|Any CPU
		{2DA84D6A-1496-4FCA-9C48-5EED02B67A13}.Release|Any CPU.ActiveCfg = Release|Any CPU
		{2DA84D6A-1496-4FCA-9C48-5EED02B67A13}.Release|Any CPU.Build.0 = Release|Any CPU
	EndGlobalSection
	GlobalSection(SolutionProperties) = preSolution
		HideSolutionNode = FALSE
	EndGlobalSection
	GlobalSection(ExtensibilityGlobals) = postSolution
		SolutionGuid = {8D1D47FF-9ACA-4421-B475-C57A0223CCB6}
	EndGlobalSection
EndGlobal
